
Microsoft Visual Studio Solution File, Format Version 12.00
# Visual Studio Version 17
VisualStudioVersion = 17.4.33205.214
MinimumVisualStudioVersion = 10.0.40219.1
Project("{FAE04EC0-301F-11D3-BF4B-00C04F79EFBC}") = "racing-backend", "racing-backend.csproj", "{69029D34-81C9-40AC-8387-432E45AC411B}"
EndProject
Global
	GlobalSection(SolutionConfigurationPlatforms) = preSolution
		Debug|Any CPU = Debug|Any CPU
		Release|Any CPU = Release|Any CPU
	EndGlobalSection
	GlobalSection(ProjectConfigurationPlatforms) = postSolution
		{69029D34-81C9-40AC-8387-432E45AC411B}.Debug|Any CPU.ActiveCfg = Debug|Any CPU
		{69029D34-81C9-40AC-8387-432E45AC411B}.Debug|Any CPU.Build.0 = Debug|Any CPU
		{69029D34-81C9-40AC-8387-432E45AC411B}.Release|Any CPU.ActiveCfg = Release|Any CPU
		{69029D34-81C9-40AC-8387-432E45AC411B}.Release|Any CPU.Build.0 = Release|Any CPU
	EndGlobalSection
	GlobalSection(SolutionProperties) = preSolution
		HideSolutionNode = FALSE
	EndGlobalSection
	GlobalSection(ExtensibilityGlobals) = postSolution
		SolutionGuid = {E12A956E-56E2-4B20-AD9A-9E49EE82C8A3}
	EndGlobalSection
EndGlobal
